// !$*UTF8*$!
{
	archiveVersion = 1;
	classes = {
	};
	objectVersion = 77;
	objects = {

/* Begin PBXBuildFile section */
		9C612CA7C528664ADF30FFBB /* Pods_SOPT_Week1.framework in Frameworks */ = {isa = PBXBuildFile; fileRef = 1E9D467B8DA15DEF881005DA /* Pods_SOPT_Week1.framework */; };
		D8086C672DBCA75300F7CDDD /* ChatViewController.swift in Sources */ = {isa = PBXBuildFile; fileRef = D8086C662DBCA75300F7CDDD /* ChatViewController.swift */; };
		D8086C692DBCA8C000F7CDDD /* ChatTableViewCell.swift in Sources */ = {isa = PBXBuildFile; fileRef = D8086C682DBCA8C000F7CDDD /* ChatTableViewCell.swift */; };
		D8086C6B2DBCB0CE00F7CDDD /* ChatModel.swift in Sources */ = {isa = PBXBuildFile; fileRef = D8086C6A2DBCB0CE00F7CDDD /* ChatModel.swift */; };
		D8086C6E2DBCC36200F7CDDD /* ItemCollectionViewController.swift in Sources */ = {isa = PBXBuildFile; fileRef = D8086C6D2DBCC36200F7CDDD /* ItemCollectionViewController.swift */; };
		D8086C702DBCC65E00F7CDDD /* ItemCollectionViewCell.swift in Sources */ = {isa = PBXBuildFile; fileRef = D8086C6F2DBCC65E00F7CDDD /* ItemCollectionViewCell.swift */; };
		D8086C722DBCC6C300F7CDDD /* ItemModel.swift in Sources */ = {isa = PBXBuildFile; fileRef = D8086C712DBCC6C300F7CDDD /* ItemModel.swift */; };
		D817EC772DC26B160027FF87 /* Pretendard-Bold.otf in Resources */ = {isa = PBXBuildFile; fileRef = D817EC712DC26B160027FF87 /* Pretendard-Bold.otf */; };
		D817EC782DC26B160027FF87 /* Pretendard-ExtraBold.otf in Resources */ = {isa = PBXBuildFile; fileRef = D817EC722DC26B160027FF87 /* Pretendard-ExtraBold.otf */; };
		D817EC792DC26B160027FF87 /* Pretendard-SemiBold.otf in Resources */ = {isa = PBXBuildFile; fileRef = D817EC732DC26B160027FF87 /* Pretendard-SemiBold.otf */; };
		D817EC7A2DC26B160027FF87 /* Assets.xcassets in Resources */ = {isa = PBXBuildFile; fileRef = D817EC752DC26B160027FF87 /* Assets.xcassets */; };
		D81F9D5B2DD3931F00900B40 /* NicknameRequestModel.swift in Sources */ = {isa = PBXBuildFile; fileRef = D81F9D5A2DD3931F00900B40 /* NicknameRequestModel.swift */; };
		D81F9D5D2DD393E000900B40 /* NicknamePatchResponse.swift in Sources */ = {isa = PBXBuildFile; fileRef = D81F9D5C2DD393E000900B40 /* NicknamePatchResponse.swift */; };
		D81F9D5F2DD3942100900B40 /* NicknamePatchService.swift in Sources */ = {isa = PBXBuildFile; fileRef = D81F9D5E2DD3942100900B40 /* NicknamePatchService.swift */; };
		D828A9852DC5EB3800CCE674 /* AppDelegate.swift in Sources */ = {isa = PBXBuildFile; fileRef = D828A9842DC5EB3800CCE674 /* AppDelegate.swift */; };
		D828A9872DC5EB3F00CCE674 /* SceneDelegate.swift in Sources */ = {isa = PBXBuildFile; fileRef = D828A9862DC5EB3F00CCE674 /* SceneDelegate.swift */; };
		D828A9892DC5EB7700CCE674 /* NetworkError.swift in Sources */ = {isa = PBXBuildFile; fileRef = D828A9882DC5EB7700CCE674 /* NetworkError.swift */; };
		D828A98B2DC5EB8200CCE674 /* RegisterRequestModel.swift in Sources */ = {isa = PBXBuildFile; fileRef = D828A98A2DC5EB8200CCE674 /* RegisterRequestModel.swift */; };
		D828A98D2DC5EB9000CCE674 /* RegisterResponseWrapper.swift in Sources */ = {isa = PBXBuildFile; fileRef = D828A98C2DC5EB9000CCE674 /* RegisterResponseWrapper.swift */; };
		D828A98F2DC5EBA400CCE674 /* RegisterService.swift in Sources */ = {isa = PBXBuildFile; fileRef = D828A98E2DC5EBA400CCE674 /* RegisterService.swift */; };
		D828A9912DC5FA7B00CCE674 /* NicknameListResponseWrapper.swift in Sources */ = {isa = PBXBuildFile; fileRef = D828A9902DC5FA7B00CCE674 /* NicknameListResponseWrapper.swift */; };
		D828A9952DC5FBAC00CCE674 /* GetInfoService.swift in Sources */ = {isa = PBXBuildFile; fileRef = D828A9942DC5FBAC00CCE674 /* GetInfoService.swift */; };
		D834E3462DA4F70E006DBC8B /* ViewController.swift in Sources */ = {isa = PBXBuildFile; fileRef = D834E3402DA4F70E006DBC8B /* ViewController.swift */; };
		D834E34A2DA4F70E006DBC8B /* LaunchScreen.storyboard in Resources */ = {isa = PBXBuildFile; fileRef = D834E33D2DA4F70E006DBC8B /* LaunchScreen.storyboard */; };
		D842CACB2DD2937A00F2033C /* InfoViewController.swift in Sources */ = {isa = PBXBuildFile; fileRef = D842CAC82DD2937A00F2033C /* InfoViewController.swift */; };
		D842CACC2DD2937A00F2033C /* RegisterViewController.swift in Sources */ = {isa = PBXBuildFile; fileRef = D842CAC92DD2937A00F2033C /* RegisterViewController.swift */; };
		D842CACE2DD294F700F2033C /* APIKey.swift in Sources */ = {isa = PBXBuildFile; fileRef = D842CACD2DD294F700F2033C /* APIKey.swift */; };
		D842CB3E2DD295CC00F2033C /* MovieViewController.swift in Sources */ = {isa = PBXBuildFile; fileRef = D842CB3D2DD295CC00F2033C /* MovieViewController.swift */; };
		D842CB402DD2976100F2033C /* MovieService.swift in Sources */ = {isa = PBXBuildFile; fileRef = D842CB3F2DD2976100F2033C /* MovieService.swift */; };
		D842CB422DD2983B00F2033C /* MovieResponseDTO.swift in Sources */ = {isa = PBXBuildFile; fileRef = D842CB412DD2983B00F2033C /* MovieResponseDTO.swift */; };
		D842CB442DD2994C00F2033C /* MovieTableViewCell.swift in Sources */ = {isa = PBXBuildFile; fileRef = D842CB432DD2994C00F2033C /* MovieTableViewCell.swift */; };
		D842CB472DD2E17900F2033C /* LoginViewController.swift in Sources */ = {isa = PBXBuildFile; fileRef = D842CB462DD2E17900F2033C /* LoginViewController.swift */; };
		D842CB492DD2E76500F2033C /* NicknameViewController.swift in Sources */ = {isa = PBXBuildFile; fileRef = D842CB482DD2E76500F2033C /* NicknameViewController.swift */; };
		D842CB4D2DD2E8BE00F2033C /* LoginResponse.swift in Sources */ = {isa = PBXBuildFile; fileRef = D842CB4C2DD2E8BE00F2033C /* LoginResponse.swift */; };
		D842CB4F2DD2E90A00F2033C /* LoginService.swift in Sources */ = {isa = PBXBuildFile; fileRef = D842CB4E2DD2E90A00F2033C /* LoginService.swift */; };
		D842CB512DD2EB0300F2033C /* LoginRequestModel.swift in Sources */ = {isa = PBXBuildFile; fileRef = D842CB502DD2EB0300F2033C /* LoginRequestModel.swift */; };
		D842CB542DD2ECFC00F2033C /* UITextField+.swift in Sources */ = {isa = PBXBuildFile; fileRef = D842CB532DD2ECFC00F2033C /* UITextField+.swift */; };
		D8FD75D42DAE83F600E9B0D7 /* LoginViewController_Delegate.swift in Sources */ = {isa = PBXBuildFile; fileRef = D8FD75D02DAE83F600E9B0D7 /* LoginViewController_Delegate.swift */; };
		D8FD75D52DAE83F600E9B0D7 /* WelcomeViewController_DelegatePattern.swift in Sources */ = {isa = PBXBuildFile; fileRef = D8FD75D12DAE83F600E9B0D7 /* WelcomeViewController_DelegatePattern.swift */; };
		D8FD75D72DAE83FF00E9B0D7 /* LoginViewController_Closure.swift in Sources */ = {isa = PBXBuildFile; fileRef = D8FD75D62DAE83FF00E9B0D7 /* LoginViewController_Closure.swift */; };
		D8FD75D92DAE840500E9B0D7 /* WelcomeViewController_Closure.swift in Sources */ = {isa = PBXBuildFile; fileRef = D8FD75D82DAE840500E9B0D7 /* WelcomeViewController_Closure.swift */; };
		D8FD75DF2DAE85F900E9B0D7 /* AutoLayoutViewController.swift in Sources */ = {isa = PBXBuildFile; fileRef = D8FD75DD2DAE85F900E9B0D7 /* AutoLayoutViewController.swift */; };
		D8FD75E32DAE86B000E9B0D7 /* ScrollViewController.swift in Sources */ = {isa = PBXBuildFile; fileRef = D8FD75E22DAE86B000E9B0D7 /* ScrollViewController.swift */; };
/* End PBXBuildFile section */

/* Begin PBXFileReference section */
		1B5FF904DAF083BC8AB4D6D8 /* Pods-SOPT_Week1.debug.xcconfig */ = {isa = PBXFileReference; includeInIndex = 1; lastKnownFileType = text.xcconfig; name = "Pods-SOPT_Week1.debug.xcconfig"; path = "Target Support Files/Pods-SOPT_Week1/Pods-SOPT_Week1.debug.xcconfig"; sourceTree = "<group>"; };
		1E9D467B8DA15DEF881005DA /* Pods_SOPT_Week1.framework */ = {isa = PBXFileReference; explicitFileType = wrapper.framework; includeInIndex = 0; path = Pods_SOPT_Week1.framework; sourceTree = BUILT_PRODUCTS_DIR; };
		B214669559860893D2CA4EC0 /* Pods-SOPT_Week1.release.xcconfig */ = {isa = PBXFileReference; includeInIndex = 1; lastKnownFileType = text.xcconfig; name = "Pods-SOPT_Week1.release.xcconfig"; path = "Target Support Files/Pods-SOPT_Week1/Pods-SOPT_Week1.release.xcconfig"; sourceTree = "<group>"; };
		D8086C662DBCA75300F7CDDD /* ChatViewController.swift */ = {isa = PBXFileReference; lastKnownFileType = sourcecode.swift; path = ChatViewController.swift; sourceTree = "<group>"; };
		D8086C682DBCA8C000F7CDDD /* ChatTableViewCell.swift */ = {isa = PBXFileReference; lastKnownFileType = sourcecode.swift; path = ChatTableViewCell.swift; sourceTree = "<group>"; };
		D8086C6A2DBCB0CE00F7CDDD /* ChatModel.swift */ = {isa = PBXFileReference; lastKnownFileType = sourcecode.swift; path = ChatModel.swift; sourceTree = "<group>"; };
		D8086C6D2DBCC36200F7CDDD /* ItemCollectionViewController.swift */ = {isa = PBXFileReference; lastKnownFileType = sourcecode.swift; path = ItemCollectionViewController.swift; sourceTree = "<group>"; };
		D8086C6F2DBCC65E00F7CDDD /* ItemCollectionViewCell.swift */ = {isa = PBXFileReference; lastKnownFileType = sourcecode.swift; path = ItemCollectionViewCell.swift; sourceTree = "<group>"; };
		D8086C712DBCC6C300F7CDDD /* ItemModel.swift */ = {isa = PBXFileReference; lastKnownFileType = sourcecode.swift; path = ItemModel.swift; sourceTree = "<group>"; };
		D817EC712DC26B160027FF87 /* Pretendard-Bold.otf */ = {isa = PBXFileReference; lastKnownFileType = file; path = "Pretendard-Bold.otf"; sourceTree = "<group>"; };
		D817EC722DC26B160027FF87 /* Pretendard-ExtraBold.otf */ = {isa = PBXFileReference; lastKnownFileType = file; path = "Pretendard-ExtraBold.otf"; sourceTree = "<group>"; };
		D817EC732DC26B160027FF87 /* Pretendard-SemiBold.otf */ = {isa = PBXFileReference; lastKnownFileType = file; path = "Pretendard-SemiBold.otf"; sourceTree = "<group>"; };
		D817EC752DC26B160027FF87 /* Assets.xcassets */ = {isa = PBXFileReference; lastKnownFileType = folder.assetcatalog; path = Assets.xcassets; sourceTree = "<group>"; };
		D81F9D5A2DD3931F00900B40 /* NicknameRequestModel.swift */ = {isa = PBXFileReference; lastKnownFileType = sourcecode.swift; path = NicknameRequestModel.swift; sourceTree = "<group>"; };
		D81F9D5C2DD393E000900B40 /* NicknamePatchResponse.swift */ = {isa = PBXFileReference; lastKnownFileType = sourcecode.swift; path = NicknamePatchResponse.swift; sourceTree = "<group>"; };
		D81F9D5E2DD3942100900B40 /* NicknamePatchService.swift */ = {isa = PBXFileReference; lastKnownFileType = sourcecode.swift; path = NicknamePatchService.swift; sourceTree = "<group>"; };
		D828A9842DC5EB3800CCE674 /* AppDelegate.swift */ = {isa = PBXFileReference; lastKnownFileType = sourcecode.swift; path = AppDelegate.swift; sourceTree = "<group>"; };
		D828A9862DC5EB3F00CCE674 /* SceneDelegate.swift */ = {isa = PBXFileReference; lastKnownFileType = sourcecode.swift; path = SceneDelegate.swift; sourceTree = "<group>"; };
		D828A9882DC5EB7700CCE674 /* NetworkError.swift */ = {isa = PBXFileReference; lastKnownFileType = sourcecode.swift; path = NetworkError.swift; sourceTree = "<group>"; };
		D828A98A2DC5EB8200CCE674 /* RegisterRequestModel.swift */ = {isa = PBXFileReference; lastKnownFileType = sourcecode.swift; path = RegisterRequestModel.swift; sourceTree = "<group>"; };
		D828A98C2DC5EB9000CCE674 /* RegisterResponseWrapper.swift */ = {isa = PBXFileReference; lastKnownFileType = sourcecode.swift; path = RegisterResponseWrapper.swift; sourceTree = "<group>"; };
		D828A98E2DC5EBA400CCE674 /* RegisterService.swift */ = {isa = PBXFileReference; lastKnownFileType = sourcecode.swift; path = RegisterService.swift; sourceTree = "<group>"; };
		D828A9902DC5FA7B00CCE674 /* NicknameListResponseWrapper.swift */ = {isa = PBXFileReference; lastKnownFileType = sourcecode.swift; path = NicknameListResponseWrapper.swift; sourceTree = "<group>"; };
		D828A9942DC5FBAC00CCE674 /* GetInfoService.swift */ = {isa = PBXFileReference; lastKnownFileType = sourcecode.swift; path = GetInfoService.swift; sourceTree = "<group>"; };
		D834704F2DA4EA8800F5A4D9 /* SOPT_Week1.app */ = {isa = PBXFileReference; explicitFileType = wrapper.application; includeInIndex = 0; path = SOPT_Week1.app; sourceTree = BUILT_PRODUCTS_DIR; };
		D834E33B2DA4F70E006DBC8B /* Info.plist */ = {isa = PBXFileReference; lastKnownFileType = text.plist.xml; path = Info.plist; sourceTree = "<group>"; };
		D834E33C2DA4F70E006DBC8B /* Base */ = {isa = PBXFileReference; lastKnownFileType = file.storyboard; name = Base; path = Base.lproj/LaunchScreen.storyboard; sourceTree = "<group>"; };
		D834E3402DA4F70E006DBC8B /* ViewController.swift */ = {isa = PBXFileReference; lastKnownFileType = sourcecode.swift; path = ViewController.swift; sourceTree = "<group>"; };
		D842CAC82DD2937A00F2033C /* InfoViewController.swift */ = {isa = PBXFileReference; lastKnownFileType = sourcecode.swift; path = InfoViewController.swift; sourceTree = "<group>"; };
		D842CAC92DD2937A00F2033C /* RegisterViewController.swift */ = {isa = PBXFileReference; lastKnownFileType = sourcecode.swift; path = RegisterViewController.swift; sourceTree = "<group>"; };
		D842CACD2DD294F700F2033C /* APIKey.swift */ = {isa = PBXFileReference; lastKnownFileType = sourcecode.swift; path = APIKey.swift; sourceTree = "<group>"; };
		D842CB3D2DD295CC00F2033C /* MovieViewController.swift */ = {isa = PBXFileReference; lastKnownFileType = sourcecode.swift; path = MovieViewController.swift; sourceTree = "<group>"; };
		D842CB3F2DD2976100F2033C /* MovieService.swift */ = {isa = PBXFileReference; lastKnownFileType = sourcecode.swift; path = MovieService.swift; sourceTree = "<group>"; };
		D842CB412DD2983B00F2033C /* MovieResponseDTO.swift */ = {isa = PBXFileReference; lastKnownFileType = sourcecode.swift; path = MovieResponseDTO.swift; sourceTree = "<group>"; };
		D842CB432DD2994C00F2033C /* MovieTableViewCell.swift */ = {isa = PBXFileReference; lastKnownFileType = sourcecode.swift; path = MovieTableViewCell.swift; sourceTree = "<group>"; };
		D842CB462DD2E17900F2033C /* LoginViewController.swift */ = {isa = PBXFileReference; lastKnownFileType = sourcecode.swift; path = LoginViewController.swift; sourceTree = "<group>"; };
		D842CB482DD2E76500F2033C /* NicknameViewController.swift */ = {isa = PBXFileReference; lastKnownFileType = sourcecode.swift; path = NicknameViewController.swift; sourceTree = "<group>"; };
		D842CB4C2DD2E8BE00F2033C /* LoginResponse.swift */ = {isa = PBXFileReference; lastKnownFileType = sourcecode.swift; path = LoginResponse.swift; sourceTree = "<group>"; };
		D842CB4E2DD2E90A00F2033C /* LoginService.swift */ = {isa = PBXFileReference; lastKnownFileType = sourcecode.swift; path = LoginService.swift; sourceTree = "<group>"; };
		D842CB502DD2EB0300F2033C /* LoginRequestModel.swift */ = {isa = PBXFileReference; lastKnownFileType = sourcecode.swift; path = LoginRequestModel.swift; sourceTree = "<group>"; };
		D842CB532DD2ECFC00F2033C /* UITextField+.swift */ = {isa = PBXFileReference; lastKnownFileType = sourcecode.swift; path = "UITextField+.swift"; sourceTree = "<group>"; };
		D8FD75D02DAE83F600E9B0D7 /* LoginViewController_Delegate.swift */ = {isa = PBXFileReference; lastKnownFileType = sourcecode.swift; path = LoginViewController_Delegate.swift; sourceTree = "<group>"; };
		D8FD75D12DAE83F600E9B0D7 /* WelcomeViewController_DelegatePattern.swift */ = {isa = PBXFileReference; lastKnownFileType = sourcecode.swift; path = WelcomeViewController_DelegatePattern.swift; sourceTree = "<group>"; };
		D8FD75D62DAE83FF00E9B0D7 /* LoginViewController_Closure.swift */ = {isa = PBXFileReference; lastKnownFileType = sourcecode.swift; path = LoginViewController_Closure.swift; sourceTree = "<group>"; };
		D8FD75D82DAE840500E9B0D7 /* WelcomeViewController_Closure.swift */ = {isa = PBXFileReference; lastKnownFileType = sourcecode.swift; path = WelcomeViewController_Closure.swift; sourceTree = "<group>"; };
		D8FD75DD2DAE85F900E9B0D7 /* AutoLayoutViewController.swift */ = {isa = PBXFileReference; lastKnownFileType = sourcecode.swift; path = AutoLayoutViewController.swift; sourceTree = "<group>"; };
		D8FD75E22DAE86B000E9B0D7 /* ScrollViewController.swift */ = {isa = PBXFileReference; lastKnownFileType = sourcecode.swift; path = ScrollViewController.swift; sourceTree = "<group>"; };
/* End PBXFileReference section */

/* Begin PBXFrameworksBuildPhase section */
		D834704C2DA4EA8800F5A4D9 /* Frameworks */ = {
			isa = PBXFrameworksBuildPhase;
			buildActionMask = 2147483647;
			files = (
				9C612CA7C528664ADF30FFBB /* Pods_SOPT_Week1.framework in Frameworks */,
			);
			runOnlyForDeploymentPostprocessing = 0;
		};
/* End PBXFrameworksBuildPhase section */

/* Begin PBXGroup section */
		19F9CB3C09355C353908F2B3 /* Pods */ = {
			isa = PBXGroup;
			children = (
				1B5FF904DAF083BC8AB4D6D8 /* Pods-SOPT_Week1.debug.xcconfig */,
				B214669559860893D2CA4EC0 /* Pods-SOPT_Week1.release.xcconfig */,
			);
			path = Pods;
			sourceTree = "<group>";
		};
		8AB0A1E0B8686D2B5AD5014B /* Frameworks */ = {
			isa = PBXGroup;
			children = (
				1E9D467B8DA15DEF881005DA /* Pods_SOPT_Week1.framework */,
			);
			name = Frameworks;
			sourceTree = "<group>";
		};
		D8086C652DBCA66A00F7CDDD /* Week3 */ = {
			isa = PBXGroup;
			children = (
				D8086C6C2DBCC2AE00F7CDDD /* TableView */,
				D8086C732DBCCA4700F7CDDD /* CollectionView */,
			);
			path = Week3;
			sourceTree = "<group>";
		};
		D8086C6C2DBCC2AE00F7CDDD /* TableView */ = {
			isa = PBXGroup;
			children = (
				D8086C662DBCA75300F7CDDD /* ChatViewController.swift */,
				D8086C682DBCA8C000F7CDDD /* ChatTableViewCell.swift */,
				D8086C6A2DBCB0CE00F7CDDD /* ChatModel.swift */,
			);
			path = TableView;
			sourceTree = "<group>";
		};
		D8086C732DBCCA4700F7CDDD /* CollectionView */ = {
			isa = PBXGroup;
			children = (
				D8086C6D2DBCC36200F7CDDD /* ItemCollectionViewController.swift */,
				D8086C6F2DBCC65E00F7CDDD /* ItemCollectionViewCell.swift */,
				D8086C712DBCC6C300F7CDDD /* ItemModel.swift */,
			);
			path = CollectionView;
			sourceTree = "<group>";
		};
		D817EC682DC26B030027FF87 /* App */ = {
			isa = PBXGroup;
			children = (
				D828A9842DC5EB3800CCE674 /* AppDelegate.swift */,
				D828A9862DC5EB3F00CCE674 /* SceneDelegate.swift */,
			);
			path = App;
			sourceTree = "<group>";
		};
		D817EC742DC26B160027FF87 /* Font */ = {
			isa = PBXGroup;
			children = (
				D817EC712DC26B160027FF87 /* Pretendard-Bold.otf */,
				D817EC722DC26B160027FF87 /* Pretendard-ExtraBold.otf */,
				D817EC732DC26B160027FF87 /* Pretendard-SemiBold.otf */,
			);
			path = Font;
			sourceTree = "<group>";
		};
		D817EC762DC26B160027FF87 /* Resource */ = {
			isa = PBXGroup;
			children = (
				D817EC742DC26B160027FF87 /* Font */,
				D817EC752DC26B160027FF87 /* Assets.xcassets */,
			);
			path = Resource;
			sourceTree = "<group>";
		};
		D81F9D602DD399F400900B40 /* Login */ = {
			isa = PBXGroup;
			children = (
				D842CB4C2DD2E8BE00F2033C /* LoginResponse.swift */,
				D842CB502DD2EB0300F2033C /* LoginRequestModel.swift */,
			);
			path = Login;
			sourceTree = "<group>";
		};
		D83470462DA4EA8800F5A4D9 = {
			isa = PBXGroup;
			children = (
				D834E3422DA4F70E006DBC8B /* SOPT_Week1 */,
				19F9CB3C09355C353908F2B3 /* Pods */,
				8AB0A1E0B8686D2B5AD5014B /* Frameworks */,
				D83470502DA4EA8800F5A4D9 /* Products */,
			);
			sourceTree = "<group>";
		};
		D83470502DA4EA8800F5A4D9 /* Products */ = {
			isa = PBXGroup;
			children = (
				D834704F2DA4EA8800F5A4D9 /* SOPT_Week1.app */,
			);
			name = Products;
			sourceTree = "<group>";
		};
		D834E3422DA4F70E006DBC8B /* SOPT_Week1 */ = {
			isa = PBXGroup;
			children = (
				D842CB522DD2ECEF00F2033C /* Extension */,
				D8FD75D32DAE83F600E9B0D7 /* Week2 */,
				D8086C652DBCA66A00F7CDDD /* Week3 */,
				D8CE23042DC5E30E0069732A /* Week4 */,
				D817EC762DC26B160027FF87 /* Resource */,
				D817EC682DC26B030027FF87 /* App */,
				D834E33B2DA4F70E006DBC8B /* Info.plist */,
				D834E33D2DA4F70E006DBC8B /* LaunchScreen.storyboard */,
				D834E3402DA4F70E006DBC8B /* ViewController.swift */,
			);
			path = SOPT_Week1;
			sourceTree = "<group>";
		};
		D842CAC52DD2934600F2033C /* Model */ = {
			isa = PBXGroup;
			children = (
				D828A98A2DC5EB8200CCE674 /* RegisterRequestModel.swift */,
				D828A9902DC5FA7B00CCE674 /* NicknameListResponseWrapper.swift */,
				D828A98C2DC5EB9000CCE674 /* RegisterResponseWrapper.swift */,
				D842CB412DD2983B00F2033C /* MovieResponseDTO.swift */,
				D81F9D602DD399F400900B40 /* Login */,
				D81F9D5A2DD3931F00900B40 /* NicknameRequestModel.swift */,
				D81F9D5C2DD393E000900B40 /* NicknamePatchResponse.swift */,
			);
			path = Model;
			sourceTree = "<group>";
		};
		D842CAC62DD2935600F2033C /* Service */ = {
			isa = PBXGroup;
			children = (
				D828A98E2DC5EBA400CCE674 /* RegisterService.swift */,
				D828A9942DC5FBAC00CCE674 /* GetInfoService.swift */,
				D828A9882DC5EB7700CCE674 /* NetworkError.swift */,
				D842CACD2DD294F700F2033C /* APIKey.swift */,
				D842CB3F2DD2976100F2033C /* MovieService.swift */,
				D842CB4E2DD2E90A00F2033C /* LoginService.swift */,
				D81F9D5E2DD3942100900B40 /* NicknamePatchService.swift */,
			);
			path = Service;
			sourceTree = "<group>";
		};
		D842CACA2DD2937A00F2033C /* Presentation */ = {
			isa = PBXGroup;
			children = (
				D842CAC82DD2937A00F2033C /* InfoViewController.swift */,
				D842CAC92DD2937A00F2033C /* RegisterViewController.swift */,
				D842CB452DD2999800F2033C /* MovieViewController */,
				D842CB462DD2E17900F2033C /* LoginViewController.swift */,
				D842CB482DD2E76500F2033C /* NicknameViewController.swift */,
			);
			path = Presentation;
			sourceTree = "<group>";
		};
		D842CB452DD2999800F2033C /* MovieViewController */ = {
			isa = PBXGroup;
			children = (
				D842CB3D2DD295CC00F2033C /* MovieViewController.swift */,
				D842CB432DD2994C00F2033C /* MovieTableViewCell.swift */,
			);
			path = MovieViewController;
			sourceTree = "<group>";
		};
		D842CB522DD2ECEF00F2033C /* Extension */ = {
			isa = PBXGroup;
			children = (
				D842CB532DD2ECFC00F2033C /* UITextField+.swift */,
			);
			path = Extension;
			sourceTree = "<group>";
		};
		D8CE23042DC5E30E0069732A /* Week4 */ = {
			isa = PBXGroup;
			children = (
				D842CACA2DD2937A00F2033C /* Presentation */,
				D842CAC52DD2934600F2033C /* Model */,
				D842CAC62DD2935600F2033C /* Service */,
			);
			path = Week4;
			sourceTree = "<group>";
		};
		D8FD75CF2DAE83F600E9B0D7 /* Closure */ = {
			isa = PBXGroup;
			children = (
				D8FD75D62DAE83FF00E9B0D7 /* LoginViewController_Closure.swift */,
				D8FD75D82DAE840500E9B0D7 /* WelcomeViewController_Closure.swift */,
			);
			path = Closure;
			sourceTree = "<group>";
		};
		D8FD75D22DAE83F600E9B0D7 /* Delegate */ = {
			isa = PBXGroup;
			children = (
				D8FD75D02DAE83F600E9B0D7 /* LoginViewController_Delegate.swift */,
				D8FD75D12DAE83F600E9B0D7 /* WelcomeViewController_DelegatePattern.swift */,
			);
			path = Delegate;
			sourceTree = "<group>";
		};
		D8FD75D32DAE83F600E9B0D7 /* Week2 */ = {
			isa = PBXGroup;
			children = (
				D8FD75CF2DAE83F600E9B0D7 /* Closure */,
				D8FD75D22DAE83F600E9B0D7 /* Delegate */,
				D8FD75DE2DAE85F900E9B0D7 /* AutoLayout */,
				D8FD75E12DAE86AF00E9B0D7 /* ScrollView */,
			);
			path = Week2;
			sourceTree = "<group>";
		};
		D8FD75DE2DAE85F900E9B0D7 /* AutoLayout */ = {
			isa = PBXGroup;
			children = (
				D8FD75DD2DAE85F900E9B0D7 /* AutoLayoutViewController.swift */,
			);
			path = AutoLayout;
			sourceTree = "<group>";
		};
		D8FD75E12DAE86AF00E9B0D7 /* ScrollView */ = {
			isa = PBXGroup;
			children = (
				D8FD75E22DAE86B000E9B0D7 /* ScrollViewController.swift */,
			);
			path = ScrollView;
			sourceTree = "<group>";
		};
/* End PBXGroup section */

/* Begin PBXNativeTarget section */
		D834704E2DA4EA8800F5A4D9 /* SOPT_Week1 */ = {
			isa = PBXNativeTarget;
			buildConfigurationList = D83470622DA4EA8900F5A4D9 /* Build configuration list for PBXNativeTarget "SOPT_Week1" */;
			buildPhases = (
				C028E91127839DC44CE2D1B6 /* [CP] Check Pods Manifest.lock */,
				D834704B2DA4EA8800F5A4D9 /* Sources */,
				D834704C2DA4EA8800F5A4D9 /* Frameworks */,
				D834704D2DA4EA8800F5A4D9 /* Resources */,
				50D6EFA1EF026C9B904FEEDF /* [CP] Embed Pods Frameworks */,
			);
			buildRules = (
			);
			dependencies = (
			);
			name = SOPT_Week1;
			productName = SOPT_Week1;
			productReference = D834704F2DA4EA8800F5A4D9 /* SOPT_Week1.app */;
			productType = "com.apple.product-type.application";
		};
/* End PBXNativeTarget section */

/* Begin PBXProject section */
		D83470472DA4EA8800F5A4D9 /* Project object */ = {
			isa = PBXProject;
			attributes = {
				BuildIndependentTargetsInParallel = 1;
				LastSwiftUpdateCheck = 1620;
				LastUpgradeCheck = 1620;
				TargetAttributes = {
					D834704E2DA4EA8800F5A4D9 = {
						CreatedOnToolsVersion = 16.2;
					};
				};
			};
			buildConfigurationList = D834704A2DA4EA8800F5A4D9 /* Build configuration list for PBXProject "SOPT_Week1" */;
			developmentRegion = en;
			hasScannedForEncodings = 0;
			knownRegions = (
				en,
				Base,
			);
			mainGroup = D83470462DA4EA8800F5A4D9;
			minimizedProjectReferenceProxies = 1;
			preferredProjectObjectVersion = 77;
			productRefGroup = D83470502DA4EA8800F5A4D9 /* Products */;
			projectDirPath = "";
			projectRoot = "";
			targets = (
				D834704E2DA4EA8800F5A4D9 /* SOPT_Week1 */,
			);
		};
/* End PBXProject section */

/* Begin PBXResourcesBuildPhase section */
		D834704D2DA4EA8800F5A4D9 /* Resources */ = {
			isa = PBXResourcesBuildPhase;
			buildActionMask = 2147483647;
			files = (
				D817EC772DC26B160027FF87 /* Pretendard-Bold.otf in Resources */,
				D817EC782DC26B160027FF87 /* Pretendard-ExtraBold.otf in Resources */,
				D817EC792DC26B160027FF87 /* Pretendard-SemiBold.otf in Resources */,
				D817EC7A2DC26B160027FF87 /* Assets.xcassets in Resources */,
				D834E34A2DA4F70E006DBC8B /* LaunchScreen.storyboard in Resources */,
			);
			runOnlyForDeploymentPostprocessing = 0;
		};
/* End PBXResourcesBuildPhase section */

/* Begin PBXShellScriptBuildPhase section */
		50D6EFA1EF026C9B904FEEDF /* [CP] Embed Pods Frameworks */ = {
			isa = PBXShellScriptBuildPhase;
			buildActionMask = 2147483647;
			files = (
			);
			inputFileListPaths = (
				"${PODS_ROOT}/Target Support Files/Pods-SOPT_Week1/Pods-SOPT_Week1-frameworks-${CONFIGURATION}-input-files.xcfilelist",
			);
			name = "[CP] Embed Pods Frameworks";
			outputFileListPaths = (
				"${PODS_ROOT}/Target Support Files/Pods-SOPT_Week1/Pods-SOPT_Week1-frameworks-${CONFIGURATION}-output-files.xcfilelist",
			);
			runOnlyForDeploymentPostprocessing = 0;
			shellPath = /bin/sh;
			shellScript = "\"${PODS_ROOT}/Target Support Files/Pods-SOPT_Week1/Pods-SOPT_Week1-frameworks.sh\"\n";
			showEnvVarsInLog = 0;
		};
		C028E91127839DC44CE2D1B6 /* [CP] Check Pods Manifest.lock */ = {
			isa = PBXShellScriptBuildPhase;
			buildActionMask = 2147483647;
			files = (
			);
			inputFileListPaths = (
			);
			inputPaths = (
				"${PODS_PODFILE_DIR_PATH}/Podfile.lock",
				"${PODS_ROOT}/Manifest.lock",
			);
			name = "[CP] Check Pods Manifest.lock";
			outputFileListPaths = (
			);
			outputPaths = (
				"$(DERIVED_FILE_DIR)/Pods-SOPT_Week1-checkManifestLockResult.txt",
			);
			runOnlyForDeploymentPostprocessing = 0;
			shellPath = /bin/sh;
			shellScript = "diff \"${PODS_PODFILE_DIR_PATH}/Podfile.lock\" \"${PODS_ROOT}/Manifest.lock\" > /dev/null\nif [ $? != 0 ] ; then\n    # print error to STDERR\n    echo \"error: The sandbox is not in sync with the Podfile.lock. Run 'pod install' or update your CocoaPods installation.\" >&2\n    exit 1\nfi\n# This output is used by Xcode 'outputs' to avoid re-running this script phase.\necho \"SUCCESS\" > \"${SCRIPT_OUTPUT_FILE_0}\"\n";
			showEnvVarsInLog = 0;
		};
/* End PBXShellScriptBuildPhase section */

/* Begin PBXSourcesBuildPhase section */
		D834704B2DA4EA8800F5A4D9 /* Sources */ = {
			isa = PBXSourcesBuildPhase;
			buildActionMask = 2147483647;
			files = (
				D828A9892DC5EB7700CCE674 /* NetworkError.swift in Sources */,
				D842CB422DD2983B00F2033C /* MovieResponseDTO.swift in Sources */,
				D842CB442DD2994C00F2033C /* MovieTableViewCell.swift in Sources */,
				D8FD75D72DAE83FF00E9B0D7 /* LoginViewController_Closure.swift in Sources */,
				D828A98B2DC5EB8200CCE674 /* RegisterRequestModel.swift in Sources */,
				D842CB472DD2E17900F2033C /* LoginViewController.swift in Sources */,
				D828A98D2DC5EB9000CCE674 /* RegisterResponseWrapper.swift in Sources */,
				D842CB402DD2976100F2033C /* MovieService.swift in Sources */,
				D8086C6B2DBCB0CE00F7CDDD /* ChatModel.swift in Sources */,
				D828A9952DC5FBAC00CCE674 /* GetInfoService.swift in Sources */,
				D842CB492DD2E76500F2033C /* NicknameViewController.swift in Sources */,
				D8086C722DBCC6C300F7CDDD /* ItemModel.swift in Sources */,
				D834E3462DA4F70E006DBC8B /* ViewController.swift in Sources */,
				D828A9872DC5EB3F00CCE674 /* SceneDelegate.swift in Sources */,
				D828A9852DC5EB3800CCE674 /* AppDelegate.swift in Sources */,
				D842CACE2DD294F700F2033C /* APIKey.swift in Sources */,
				D828A98F2DC5EBA400CCE674 /* RegisterService.swift in Sources */,
				D8086C702DBCC65E00F7CDDD /* ItemCollectionViewCell.swift in Sources */,
				D842CB512DD2EB0300F2033C /* LoginRequestModel.swift in Sources */,
				D8086C692DBCA8C000F7CDDD /* ChatTableViewCell.swift in Sources */,
				D8086C672DBCA75300F7CDDD /* ChatViewController.swift in Sources */,
				D81F9D5B2DD3931F00900B40 /* NicknameRequestModel.swift in Sources */,
				D8086C6E2DBCC36200F7CDDD /* ItemCollectionViewController.swift in Sources */,
				D842CB3E2DD295CC00F2033C /* MovieViewController.swift in Sources */,
				D842CB542DD2ECFC00F2033C /* UITextField+.swift in Sources */,
				D842CB4D2DD2E8BE00F2033C /* LoginResponse.swift in Sources */,
				D8FD75D42DAE83F600E9B0D7 /* LoginViewController_Delegate.swift in Sources */,
				D8FD75D52DAE83F600E9B0D7 /* WelcomeViewController_DelegatePattern.swift in Sources */,
				D8FD75E32DAE86B000E9B0D7 /* ScrollViewController.swift in Sources */,
				D8FD75D92DAE840500E9B0D7 /* WelcomeViewController_Closure.swift in Sources */,
				D828A9912DC5FA7B00CCE674 /* NicknameListResponseWrapper.swift in Sources */,
				D842CB4F2DD2E90A00F2033C /* LoginService.swift in Sources */,
				D842CACB2DD2937A00F2033C /* InfoViewController.swift in Sources */,
				D81F9D5F2DD3942100900B40 /* NicknamePatchService.swift in Sources */,
				D842CACC2DD2937A00F2033C /* RegisterViewController.swift in Sources */,
				D8FD75DF2DAE85F900E9B0D7 /* AutoLayoutViewController.swift in Sources */,
				D81F9D5D2DD393E000900B40 /* NicknamePatchResponse.swift in Sources */,
			);
			runOnlyForDeploymentPostprocessing = 0;
		};
/* End PBXSourcesBuildPhase section */

/* Begin PBXVariantGroup section */
		D834E33D2DA4F70E006DBC8B /* LaunchScreen.storyboard */ = {
			isa = PBXVariantGroup;
			children = (
				D834E33C2DA4F70E006DBC8B /* Base */,
			);
			name = LaunchScreen.storyboard;
			sourceTree = "<group>";
		};
/* End PBXVariantGroup section */

/* Begin XCBuildConfiguration section */
		D83470632DA4EA8900F5A4D9 /* Debug */ = {
			isa = XCBuildConfiguration;
			baseConfigurationReference = 1B5FF904DAF083BC8AB4D6D8 /* Pods-SOPT_Week1.debug.xcconfig */;
			buildSettings = {
				ASSETCATALOG_COMPILER_APPICON_NAME = AppIcon;
				ASSETCATALOG_COMPILER_GLOBAL_ACCENT_COLOR_NAME = AccentColor;
				CODE_SIGN_STYLE = Automatic;
				CURRENT_PROJECT_VERSION = 1;
				DEVELOPMENT_TEAM = AT9KX3ZBW6;
				GENERATE_INFOPLIST_FILE = YES;
				INFOPLIST_FILE = SOPT_Week1/Info.plist;
				INFOPLIST_KEY_UIApplicationSupportsIndirectInputEvents = YES;
				INFOPLIST_KEY_UILaunchStoryboardName = LaunchScreen;
				INFOPLIST_KEY_UISupportedInterfaceOrientations_iPad = "UIInterfaceOrientationPortrait UIInterfaceOrientationPortraitUpsideDown UIInterfaceOrientationLandscapeLeft UIInterfaceOrientationLandscapeRight";
				INFOPLIST_KEY_UISupportedInterfaceOrientations_iPhone = "UIInterfaceOrientationPortrait UIInterfaceOrientationLandscapeLeft UIInterfaceOrientationLandscapeRight";
				LD_RUNPATH_SEARCH_PATHS = (
					"$(inherited)",
					"@executable_path/Frameworks",
				);
				MARKETING_VERSION = 1.0;
				PRODUCT_BUNDLE_IDENTIFIER = "eunji.SOPT-Week1";
				PRODUCT_NAME = "$(TARGET_NAME)";
				SWIFT_EMIT_LOC_STRINGS = YES;
				SWIFT_VERSION = 5.0;
				TARGETED_DEVICE_FAMILY = "1,2";
			};
			name = Debug;
		};
		D83470642DA4EA8900F5A4D9 /* Release */ = {
			isa = XCBuildConfiguration;
			baseConfigurationReference = B214669559860893D2CA4EC0 /* Pods-SOPT_Week1.release.xcconfig */;
			buildSettings = {
				ASSETCATALOG_COMPILER_APPICON_NAME = AppIcon;
				ASSETCATALOG_COMPILER_GLOBAL_ACCENT_COLOR_NAME = AccentColor;
				CODE_SIGN_STYLE = Automatic;
				CURRENT_PROJECT_VERSION = 1;
				DEVELOPMENT_TEAM = AT9KX3ZBW6;
				GENERATE_INFOPLIST_FILE = YES;
				INFOPLIST_FILE = SOPT_Week1/Info.plist;
				INFOPLIST_KEY_UIApplicationSupportsIndirectInputEvents = YES;
				INFOPLIST_KEY_UILaunchStoryboardName = LaunchScreen;
				INFOPLIST_KEY_UISupportedInterfaceOrientations_iPad = "UIInterfaceOrientationPortrait UIInterfaceOrientationPortraitUpsideDown UIInterfaceOrientationLandscapeLeft UIInterfaceOrientationLandscapeRight";
				INFOPLIST_KEY_UISupportedInterfaceOrientations_iPhone = "UIInterfaceOrientationPortrait UIInterfaceOrientationLandscapeLeft UIInterfaceOrientationLandscapeRight";
				LD_RUNPATH_SEARCH_PATHS = (
					"$(inherited)",
					"@executable_path/Frameworks",
				);
				MARKETING_VERSION = 1.0;
				PRODUCT_BUNDLE_IDENTIFIER = "eunji.SOPT-Week1";
				PRODUCT_NAME = "$(TARGET_NAME)";
				SWIFT_EMIT_LOC_STRINGS = YES;
				SWIFT_VERSION = 5.0;
				TARGETED_DEVICE_FAMILY = "1,2";
			};
			name = Release;
		};
		D83470652DA4EA8900F5A4D9 /* Debug */ = {
			isa = XCBuildConfiguration;
			buildSettings = {
				ALWAYS_SEARCH_USER_PATHS = NO;
				ASSETCATALOG_COMPILER_GENERATE_SWIFT_ASSET_SYMBOL_EXTENSIONS = YES;
				CLANG_ANALYZER_NONNULL = YES;
				CLANG_ANALYZER_NUMBER_OBJECT_CONVERSION = YES_AGGRESSIVE;
				CLANG_CXX_LANGUAGE_STANDARD = "gnu++20";
				CLANG_ENABLE_MODULES = YES;
				CLANG_ENABLE_OBJC_ARC = YES;
				CLANG_ENABLE_OBJC_WEAK = YES;
				CLANG_WARN_BLOCK_CAPTURE_AUTORELEASING = YES;
				CLANG_WARN_BOOL_CONVERSION = YES;
				CLANG_WARN_COMMA = YES;
				CLANG_WARN_CONSTANT_CONVERSION = YES;
				CLANG_WARN_DEPRECATED_OBJC_IMPLEMENTATIONS = YES;
				CLANG_WARN_DIRECT_OBJC_ISA_USAGE = YES_ERROR;
				CLANG_WARN_DOCUMENTATION_COMMENTS = YES;
				CLANG_WARN_EMPTY_BODY = YES;
				CLANG_WARN_ENUM_CONVERSION = YES;
				CLANG_WARN_INFINITE_RECURSION = YES;
				CLANG_WARN_INT_CONVERSION = YES;
				CLANG_WARN_NON_LITERAL_NULL_CONVERSION = YES;
				CLANG_WARN_OBJC_IMPLICIT_RETAIN_SELF = YES;
				CLANG_WARN_OBJC_LITERAL_CONVERSION = YES;
				CLANG_WARN_OBJC_ROOT_CLASS = YES_ERROR;
				CLANG_WARN_QUOTED_INCLUDE_IN_FRAMEWORK_HEADER = YES;
				CLANG_WARN_RANGE_LOOP_ANALYSIS = YES;
				CLANG_WARN_STRICT_PROTOTYPES = YES;
				CLANG_WARN_SUSPICIOUS_MOVE = YES;
				CLANG_WARN_UNGUARDED_AVAILABILITY = YES_AGGRESSIVE;
				CLANG_WARN_UNREACHABLE_CODE = YES;
				CLANG_WARN__DUPLICATE_METHOD_MATCH = YES;
				COPY_PHASE_STRIP = NO;
				DEBUG_INFORMATION_FORMAT = dwarf;
				ENABLE_STRICT_OBJC_MSGSEND = YES;
				ENABLE_TESTABILITY = YES;
				ENABLE_USER_SCRIPT_SANDBOXING = NO;
				GCC_C_LANGUAGE_STANDARD = gnu17;
				GCC_DYNAMIC_NO_PIC = NO;
				GCC_NO_COMMON_BLOCKS = YES;
				GCC_OPTIMIZATION_LEVEL = 0;
				GCC_PREPROCESSOR_DEFINITIONS = (
					"DEBUG=1",
					"$(inherited)",
				);
				GCC_WARN_64_TO_32_BIT_CONVERSION = YES;
				GCC_WARN_ABOUT_RETURN_TYPE = YES_ERROR;
				GCC_WARN_UNDECLARED_SELECTOR = YES;
				GCC_WARN_UNINITIALIZED_AUTOS = YES_AGGRESSIVE;
				GCC_WARN_UNUSED_FUNCTION = YES;
				GCC_WARN_UNUSED_VARIABLE = YES;
				IPHONEOS_DEPLOYMENT_TARGET = 18.2;
				LOCALIZATION_PREFERS_STRING_CATALOGS = YES;
				MTL_ENABLE_DEBUG_INFO = INCLUDE_SOURCE;
				MTL_FAST_MATH = YES;
				ONLY_ACTIVE_ARCH = YES;
				SDKROOT = iphoneos;
				SWIFT_ACTIVE_COMPILATION_CONDITIONS = "DEBUG $(inherited)";
				SWIFT_OPTIMIZATION_LEVEL = "-Onone";
			};
			name = Debug;
		};
		D83470662DA4EA8900F5A4D9 /* Release */ = {
			isa = XCBuildConfiguration;
			buildSettings = {
				ALWAYS_SEARCH_USER_PATHS = NO;
				ASSETCATALOG_COMPILER_GENERATE_SWIFT_ASSET_SYMBOL_EXTENSIONS = YES;
				CLANG_ANALYZER_NONNULL = YES;
				CLANG_ANALYZER_NUMBER_OBJECT_CONVERSION = YES_AGGRESSIVE;
				CLANG_CXX_LANGUAGE_STANDARD = "gnu++20";
				CLANG_ENABLE_MODULES = YES;
				CLANG_ENABLE_OBJC_ARC = YES;
				CLANG_ENABLE_OBJC_WEAK = YES;
				CLANG_WARN_BLOCK_CAPTURE_AUTORELEASING = YES;
				CLANG_WARN_BOOL_CONVERSION = YES;
				CLANG_WARN_COMMA = YES;
				CLANG_WARN_CONSTANT_CONVERSION = YES;
				CLANG_WARN_DEPRECATED_OBJC_IMPLEMENTATIONS = YES;
				CLANG_WARN_DIRECT_OBJC_ISA_USAGE = YES_ERROR;
				CLANG_WARN_DOCUMENTATION_COMMENTS = YES;
				CLANG_WARN_EMPTY_BODY = YES;
				CLANG_WARN_ENUM_CONVERSION = YES;
				CLANG_WARN_INFINITE_RECURSION = YES;
				CLANG_WARN_INT_CONVERSION = YES;
				CLANG_WARN_NON_LITERAL_NULL_CONVERSION = YES;
				CLANG_WARN_OBJC_IMPLICIT_RETAIN_SELF = YES;
				CLANG_WARN_OBJC_LITERAL_CONVERSION = YES;
				CLANG_WARN_OBJC_ROOT_CLASS = YES_ERROR;
				CLANG_WARN_QUOTED_INCLUDE_IN_FRAMEWORK_HEADER = YES;
				CLANG_WARN_RANGE_LOOP_ANALYSIS = YES;
				CLANG_WARN_STRICT_PROTOTYPES = YES;
				CLANG_WARN_SUSPICIOUS_MOVE = YES;
				CLANG_WARN_UNGUARDED_AVAILABILITY = YES_AGGRESSIVE;
				CLANG_WARN_UNREACHABLE_CODE = YES;
				CLANG_WARN__DUPLICATE_METHOD_MATCH = YES;
				COPY_PHASE_STRIP = NO;
				DEBUG_INFORMATION_FORMAT = "dwarf-with-dsym";
				ENABLE_NS_ASSERTIONS = NO;
				ENABLE_STRICT_OBJC_MSGSEND = YES;
				ENABLE_USER_SCRIPT_SANDBOXING = NO;
				GCC_C_LANGUAGE_STANDARD = gnu17;
				GCC_NO_COMMON_BLOCKS = YES;
				GCC_WARN_64_TO_32_BIT_CONVERSION = YES;
				GCC_WARN_ABOUT_RETURN_TYPE = YES_ERROR;
				GCC_WARN_UNDECLARED_SELECTOR = YES;
				GCC_WARN_UNINITIALIZED_AUTOS = YES_AGGRESSIVE;
				GCC_WARN_UNUSED_FUNCTION = YES;
				GCC_WARN_UNUSED_VARIABLE = YES;
				IPHONEOS_DEPLOYMENT_TARGET = 18.2;
				LOCALIZATION_PREFERS_STRING_CATALOGS = YES;
				MTL_ENABLE_DEBUG_INFO = NO;
				MTL_FAST_MATH = YES;
				SDKROOT = iphoneos;
				SWIFT_COMPILATION_MODE = wholemodule;
				VALIDATE_PRODUCT = YES;
			};
			name = Release;
		};
/* End XCBuildConfiguration section */

/* Begin XCConfigurationList section */
		D834704A2DA4EA8800F5A4D9 /* Build configuration list for PBXProject "SOPT_Week1" */ = {
			isa = XCConfigurationList;
			buildConfigurations = (
				D83470652DA4EA8900F5A4D9 /* Debug */,
				D83470662DA4EA8900F5A4D9 /* Release */,
			);
			defaultConfigurationIsVisible = 0;
			defaultConfigurationName = Release;
		};
		D83470622DA4EA8900F5A4D9 /* Build configuration list for PBXNativeTarget "SOPT_Week1" */ = {
			isa = XCConfigurationList;
			buildConfigurations = (
				D83470632DA4EA8900F5A4D9 /* Debug */,
				D83470642DA4EA8900F5A4D9 /* Release */,
			);
			defaultConfigurationIsVisible = 0;
			defaultConfigurationName = Release;
		};
/* End XCConfigurationList section */
	};
	rootObject = D83470472DA4EA8800F5A4D9 /* Project object */;
}
